
Microsoft Visual Studio Solution File, Format Version 12.00
# Visual Studio Version 17
VisualStudioVersion = 17.5.002.0
MinimumVisualStudioVersion = 10.0.40219.1
Project("{9A19103F-16F7-4668-BE54-9A1E7A4F7556}") = "FDS LAB5", "FDS LAB5.csproj", "{DF3BA32B-0F7B-4DD7-8B59-7C94D003D33F}"
EndProject
Global
	GlobalSection(SolutionConfigurationPlatforms) = preSolution
		Debug|Any CPU = Debug|Any CPU
		Release|Any CPU = Release|Any CPU
	EndGlobalSection
	GlobalSection(ProjectConfigurationPlatforms) = postSolution
		{DF3BA32B-0F7B-4DD7-8B59-7C94D003D33F}.Debug|Any CPU.ActiveCfg = Debug|Any CPU
		{DF3BA32B-0F7B-4DD7-8B59-7C94D003D33F}.Debug|Any CPU.Build.0 = Debug|Any CPU
		{DF3BA32B-0F7B-4DD7-8B59-7C94D003D33F}.Release|Any CPU.ActiveCfg = Release|Any CPU
		{DF3BA32B-0F7B-4DD7-8B59-7C94D003D33F}.Release|Any CPU.Build.0 = Release|Any CPU
	EndGlobalSection
	GlobalSection(SolutionProperties) = preSolution
		HideSolutionNode = FALSE
	EndGlobalSection
	GlobalSection(ExtensibilityGlobals) = postSolution
		SolutionGuid = {F3E41D5E-16A6-4660-9AA2-D60D8F83A204}
	EndGlobalSection
EndGlobal
